
Microsoft Visual Studio Solution File, Format Version 12.00
# Visual Studio Version 16
VisualStudioVersion = 16.0.30907.101
MinimumVisualStudioVersion = 10.0.40219.1
Project("{FAE04EC0-301F-11D3-BF4B-00C04F79EFBC}") = "Polifloris", "Polifloris.csproj", "{0EC8E5A4-2AA7-4330-8958-8D5D94B3D79F}"
EndProject
Global
	GlobalSection(SolutionConfigurationPlatforms) = preSolution
		Debug|Any CPU = Debug|Any CPU
		Release|Any CPU = Release|Any CPU
	EndGlobalSection
	GlobalSection(ProjectConfigurationPlatforms) = postSolution
		{0EC8E5A4-2AA7-4330-8958-8D5D94B3D79F}.Debug|Any CPU.ActiveCfg = Debug|Any CPU
		{0EC8E5A4-2AA7-4330-8958-8D5D94B3D79F}.Debug|Any CPU.Build.0 = Debug|Any CPU
		{0EC8E5A4-2AA7-4330-8958-8D5D94B3D79F}.Release|Any CPU.ActiveCfg = Release|Any CPU
		{0EC8E5A4-2AA7-4330-8958-8D5D94B3D79F}.Release|Any CPU.Build.0 = Release|Any CPU
	EndGlobalSection
	GlobalSection(SolutionProperties) = preSolution
		HideSolutionNode = FALSE
	EndGlobalSection
	GlobalSection(ExtensibilityGlobals) = postSolution
		SolutionGuid = {6CAFEEE1-B26D-425F-A5C6-95F900E22770}
	EndGlobalSection
EndGlobal
